
Microsoft Visual Studio Solution File, Format Version 12.00
# Visual Studio Version 17
VisualStudioVersion = 17.1.32228.430
MinimumVisualStudioVersion = 10.0.40219.1
Project("{9A19103F-16F7-4668-BE54-9A1E7A4F7556}") = "SystemPropertiesChecker.Core", "SystemPropertiesChecker.Core\SystemPropertiesChecker.Core.csproj", "{C0D5924B-40F7-41EC-B060-137BEC6DF66B}"
EndProject
Project("{9A19103F-16F7-4668-BE54-9A1E7A4F7556}") = "SystemPropertiesChecker.Core.Tests", "SystemPropertiesChecker.Core.Tests\SystemPropertiesChecker.Core.Tests.csproj", "{D13C954D-41D8-42F0-8A59-9CA5F55C4CEC}"
EndProject
Project("{9A19103F-16F7-4668-BE54-9A1E7A4F7556}") = "SystemPropertiesChecker", "SystemPropertiesChecker\SystemPropertiesChecker.csproj", "{2CBB6DF7-363C-41B0-B38F-2BC75512F312}"
EndProject
Project("{9A19103F-16F7-4668-BE54-9A1E7A4F7556}") = "SystemPropertiesChecker.Tests", "SystemPropertiesChecker.Tests\SystemPropertiesChecker.Tests.csproj", "{7644B600-118A-4F5F-BB7D-F18E679C1AEB}"
EndProject
Project("{9A19103F-16F7-4668-BE54-9A1E7A4F7556}") = "SystemPropertiesChecker.Terminal", "SystemPropertiesChecker.Terminal\SystemPropertiesChecker.Terminal.csproj", "{4C6D0722-0B3A-4BFD-85A2-D1A44EB10AAB}"
EndProject
Project("{9A19103F-16F7-4668-BE54-9A1E7A4F7556}") = "SystemPropertiesChecker.Terminal.Tests", "SystemPropertiesChecker.Terminal.Tests\SystemPropertiesChecker.Terminal.Tests.csproj", "{7185D2E5-EECB-4EA0-BE19-E20E4B978418}"
EndProject
Project("{2150E333-8FDC-42A3-9474-1A3956D46DE8}") = "Solution Items", "Solution Items", "{E2F96A5A-E1A9-4009-8954-A122824EA1AF}"
	ProjectSection(SolutionItems) = preProject
		.gitattributes = .gitattributes
		.gitignore = .gitignore
		global.json = global.json
		NuGet.config = NuGet.config
		README.md = README.md
	EndProjectSection
EndProject
Project("{2150E333-8FDC-42A3-9474-1A3956D46DE8}") = "Tests", "Tests", "{AE469DF5-2744-484E-BCD5-2055D35B4A44}"
EndProject
Project("{FAE04EC0-301F-11D3-BF4B-00C04F79EFBC}") = "SystemPropertiesChecker.Avalonia", "SystemPropertiesChecker.Avalonia\SystemPropertiesChecker.Avalonia.csproj", "{2D6FD662-9850-4DB5-B733-CA27B6E032E1}"
EndProject
Global
	GlobalSection(SolutionConfigurationPlatforms) = preSolution
		Debug|Any CPU = Debug|Any CPU
		Debug|ARM = Debug|ARM
		Debug|ARM64 = Debug|ARM64
		Debug|x64 = Debug|x64
		Debug|x86 = Debug|x86
		Release|Any CPU = Release|Any CPU
		Release|ARM = Release|ARM
		Release|ARM64 = Release|ARM64
		Release|x64 = Release|x64
		Release|x86 = Release|x86
	EndGlobalSection
	GlobalSection(ProjectConfigurationPlatforms) = postSolution
		{C0D5924B-40F7-41EC-B060-137BEC6DF66B}.Debug|Any CPU.ActiveCfg = Debug|Any CPU
		{C0D5924B-40F7-41EC-B060-137BEC6DF66B}.Debug|Any CPU.Build.0 = Debug|Any CPU
		{C0D5924B-40F7-41EC-B060-137BEC6DF66B}.Debug|ARM.ActiveCfg = Debug|Any CPU
		{C0D5924B-40F7-41EC-B060-137BEC6DF66B}.Debug|ARM.Build.0 = Debug|Any CPU
		{C0D5924B-40F7-41EC-B060-137BEC6DF66B}.Debug|ARM64.ActiveCfg = Debug|Any CPU
		{C0D5924B-40F7-41EC-B060-137BEC6DF66B}.Debug|ARM64.Build.0 = Debug|Any CPU
		{C0D5924B-40F7-41EC-B060-137BEC6DF66B}.Debug|x64.ActiveCfg = Debug|Any CPU
		{C0D5924B-40F7-41EC-B060-137BEC6DF66B}.Debug|x64.Build.0 = Debug|Any CPU
		{C0D5924B-40F7-41EC-B060-137BEC6DF66B}.Debug|x86.ActiveCfg = Debug|Any CPU
		{C0D5924B-40F7-41EC-B060-137BEC6DF66B}.Debug|x86.Build.0 = Debug|Any CPU
		{C0D5924B-40F7-41EC-B060-137BEC6DF66B}.Release|Any CPU.ActiveCfg = Release|Any CPU
		{C0D5924B-40F7-41EC-B060-137BEC6DF66B}.Release|Any CPU.Build.0 = Release|Any CPU
		{C0D5924B-40F7-41EC-B060-137BEC6DF66B}.Release|ARM.ActiveCfg = Release|Any CPU
		{C0D5924B-40F7-41EC-B060-137BEC6DF66B}.Release|ARM.Build.0 = Release|Any CPU
		{C0D5924B-40F7-41EC-B060-137BEC6DF66B}.Release|ARM64.ActiveCfg = Release|Any CPU
		{C0D5924B-40F7-41EC-B060-137BEC6DF66B}.Release|ARM64.Build.0 = Release|Any CPU
		{C0D5924B-40F7-41EC-B060-137BEC6DF66B}.Release|x64.ActiveCfg = Release|Any CPU
		{C0D5924B-40F7-41EC-B060-137BEC6DF66B}.Release|x64.Build.0 = Release|Any CPU
		{C0D5924B-40F7-41EC-B060-137BEC6DF66B}.Release|x86.ActiveCfg = Release|Any CPU
		{C0D5924B-40F7-41EC-B060-137BEC6DF66B}.Release|x86.Build.0 = Release|Any CPU
		{D13C954D-41D8-42F0-8A59-9CA5F55C4CEC}.Debug|Any CPU.ActiveCfg = Debug|Any CPU
		{D13C954D-41D8-42F0-8A59-9CA5F55C4CEC}.Debug|Any CPU.Build.0 = Debug|Any CPU
		{D13C954D-41D8-42F0-8A59-9CA5F55C4CEC}.Debug|ARM.ActiveCfg = Debug|Any CPU
		{D13C954D-41D8-42F0-8A59-9CA5F55C4CEC}.Debug|ARM.Build.0 = Debug|Any CPU
		{D13C954D-41D8-42F0-8A59-9CA5F55C4CEC}.Debug|ARM64.ActiveCfg = Debug|Any CPU
		{D13C954D-41D8-42F0-8A59-9CA5F55C4CEC}.Debug|ARM64.Build.0 = Debug|Any CPU
		{D13C954D-41D8-42F0-8A59-9CA5F55C4CEC}.Debug|x64.ActiveCfg = Debug|Any CPU
		{D13C954D-41D8-42F0-8A59-9CA5F55C4CEC}.Debug|x64.Build.0 = Debug|Any CPU
		{D13C954D-41D8-42F0-8A59-9CA5F55C4CEC}.Debug|x86.ActiveCfg = Debug|Any CPU
		{D13C954D-41D8-42F0-8A59-9CA5F55C4CEC}.Debug|x86.Build.0 = Debug|Any CPU
		{D13C954D-41D8-42F0-8A59-9CA5F55C4CEC}.Release|Any CPU.ActiveCfg = Release|Any CPU
		{D13C954D-41D8-42F0-8A59-9CA5F55C4CEC}.Release|Any CPU.Build.0 = Release|Any CPU
		{D13C954D-41D8-42F0-8A59-9CA5F55C4CEC}.Release|ARM.ActiveCfg = Release|Any CPU
		{D13C954D-41D8-42F0-8A59-9CA5F55C4CEC}.Release|ARM.Build.0 = Release|Any CPU
		{D13C954D-41D8-42F0-8A59-9CA5F55C4CEC}.Release|ARM64.ActiveCfg = Release|Any CPU
		{D13C954D-41D8-42F0-8A59-9CA5F55C4CEC}.Release|ARM64.Build.0 = Release|Any CPU
		{D13C954D-41D8-42F0-8A59-9CA5F55C4CEC}.Release|x64.ActiveCfg = Release|Any CPU
		{D13C954D-41D8-42F0-8A59-9CA5F55C4CEC}.Release|x64.Build.0 = Release|Any CPU
		{D13C954D-41D8-42F0-8A59-9CA5F55C4CEC}.Release|x86.ActiveCfg = Release|Any CPU
		{D13C954D-41D8-42F0-8A59-9CA5F55C4CEC}.Release|x86.Build.0 = Release|Any CPU
		{2CBB6DF7-363C-41B0-B38F-2BC75512F312}.Debug|Any CPU.ActiveCfg = Debug|Any CPU
		{2CBB6DF7-363C-41B0-B38F-2BC75512F312}.Debug|Any CPU.Build.0 = Debug|Any CPU
		{2CBB6DF7-363C-41B0-B38F-2BC75512F312}.Debug|ARM.ActiveCfg = Debug|Any CPU
		{2CBB6DF7-363C-41B0-B38F-2BC75512F312}.Debug|ARM.Build.0 = Debug|Any CPU
		{2CBB6DF7-363C-41B0-B38F-2BC75512F312}.Debug|ARM64.ActiveCfg = Debug|Any CPU
		{2CBB6DF7-363C-41B0-B38F-2BC75512F312}.Debug|ARM64.Build.0 = Debug|Any CPU
		{2CBB6DF7-363C-41B0-B38F-2BC75512F312}.Debug|x64.ActiveCfg = Debug|Any CPU
		{2CBB6DF7-363C-41B0-B38F-2BC75512F312}.Debug|x64.Build.0 = Debug|Any CPU
		{2CBB6DF7-363C-41B0-B38F-2BC75512F312}.Debug|x86.ActiveCfg = Debug|Any CPU
		{2CBB6DF7-363C-41B0-B38F-2BC75512F312}.Debug|x86.Build.0 = Debug|Any CPU
		{2CBB6DF7-363C-41B0-B38F-2BC75512F312}.Release|Any CPU.ActiveCfg = Release|Any CPU
		{2CBB6DF7-363C-41B0-B38F-2BC75512F312}.Release|Any CPU.Build.0 = Release|Any CPU
		{2CBB6DF7-363C-41B0-B38F-2BC75512F312}.Release|ARM.ActiveCfg = Release|Any CPU
		{2CBB6DF7-363C-41B0-B38F-2BC75512F312}.Release|ARM.Build.0 = Release|Any CPU
		{2CBB6DF7-363C-41B0-B38F-2BC75512F312}.Release|ARM64.ActiveCfg = Release|Any CPU
		{2CBB6DF7-363C-41B0-B38F-2BC75512F312}.Release|ARM64.Build.0 = Release|Any CPU
		{2CBB6DF7-363C-41B0-B38F-2BC75512F312}.Release|x64.ActiveCfg = Release|Any CPU
		{2CBB6DF7-363C-41B0-B38F-2BC75512F312}.Release|x64.Build.0 = Release|Any CPU
		{2CBB6DF7-363C-41B0-B38F-2BC75512F312}.Release|x86.ActiveCfg = Release|Any CPU
		{2CBB6DF7-363C-41B0-B38F-2BC75512F312}.Release|x86.Build.0 = Release|Any CPU
		{7644B600-118A-4F5F-BB7D-F18E679C1AEB}.Debug|Any CPU.ActiveCfg = Debug|Any CPU
		{7644B600-118A-4F5F-BB7D-F18E679C1AEB}.Debug|Any CPU.Build.0 = Debug|Any CPU
		{7644B600-118A-4F5F-BB7D-F18E679C1AEB}.Debug|ARM.ActiveCfg = Debug|Any CPU
		{7644B600-118A-4F5F-BB7D-F18E679C1AEB}.Debug|ARM.Build.0 = Debug|Any CPU
		{7644B600-118A-4F5F-BB7D-F18E679C1AEB}.Debug|ARM64.ActiveCfg = Debug|Any CPU
		{7644B600-118A-4F5F-BB7D-F18E679C1AEB}.Debug|ARM64.Build.0 = Debug|Any CPU
		{7644B600-118A-4F5F-BB7D-F18E679C1AEB}.Debug|x64.ActiveCfg = Debug|Any CPU
		{7644B600-118A-4F5F-BB7D-F18E679C1AEB}.Debug|x64.Build.0 = Debug|Any CPU
		{7644B600-118A-4F5F-BB7D-F18E679C1AEB}.Debug|x86.ActiveCfg = Debug|Any CPU
		{7644B600-118A-4F5F-BB7D-F18E679C1AEB}.Debug|x86.Build.0 = Debug|Any CPU
		{7644B600-118A-4F5F-BB7D-F18E679C1AEB}.Release|Any CPU.ActiveCfg = Release|Any CPU
		{7644B600-118A-4F5F-BB7D-F18E679C1AEB}.Release|Any CPU.Build.0 = Release|Any CPU
		{7644B600-118A-4F5F-BB7D-F18E679C1AEB}.Release|ARM.ActiveCfg = Release|Any CPU
		{7644B600-118A-4F5F-BB7D-F18E679C1AEB}.Release|ARM.Build.0 = Release|Any CPU
		{7644B600-118A-4F5F-BB7D-F18E679C1AEB}.Release|ARM64.ActiveCfg = Release|Any CPU
		{7644B600-118A-4F5F-BB7D-F18E679C1AEB}.Release|ARM64.Build.0 = Release|Any CPU
		{7644B600-118A-4F5F-BB7D-F18E679C1AEB}.Release|x64.ActiveCfg = Release|Any CPU
		{7644B600-118A-4F5F-BB7D-F18E679C1AEB}.Release|x64.Build.0 = Release|Any CPU
		{7644B600-118A-4F5F-BB7D-F18E679C1AEB}.Release|x86.ActiveCfg = Release|Any CPU
		{7644B600-118A-4F5F-BB7D-F18E679C1AEB}.Release|x86.Build.0 = Release|Any CPU
		{4C6D0722-0B3A-4BFD-85A2-D1A44EB10AAB}.Debug|Any CPU.ActiveCfg = Debug|Any CPU
		{4C6D0722-0B3A-4BFD-85A2-D1A44EB10AAB}.Debug|Any CPU.Build.0 = Debug|Any CPU
		{4C6D0722-0B3A-4BFD-85A2-D1A44EB10AAB}.Debug|ARM.ActiveCfg = Debug|Any CPU
		{4C6D0722-0B3A-4BFD-85A2-D1A44EB10AAB}.Debug|ARM.Build.0 = Debug|Any CPU
		{4C6D0722-0B3A-4BFD-85A2-D1A44EB10AAB}.Debug|ARM64.ActiveCfg = Debug|Any CPU
		{4C6D0722-0B3A-4BFD-85A2-D1A44EB10AAB}.Debug|ARM64.Build.0 = Debug|Any CPU
		{4C6D0722-0B3A-4BFD-85A2-D1A44EB10AAB}.Debug|x64.ActiveCfg = Debug|Any CPU
		{4C6D0722-0B3A-4BFD-85A2-D1A44EB10AAB}.Debug|x64.Build.0 = Debug|Any CPU
		{4C6D0722-0B3A-4BFD-85A2-D1A44EB10AAB}.Debug|x86.ActiveCfg = Debug|Any CPU
		{4C6D0722-0B3A-4BFD-85A2-D1A44EB10AAB}.Debug|x86.Build.0 = Debug|Any CPU
		{4C6D0722-0B3A-4BFD-85A2-D1A44EB10AAB}.Release|Any CPU.ActiveCfg = Release|Any CPU
		{4C6D0722-0B3A-4BFD-85A2-D1A44EB10AAB}.Release|Any CPU.Build.0 = Release|Any CPU
		{4C6D0722-0B3A-4BFD-85A2-D1A44EB10AAB}.Release|ARM.ActiveCfg = Release|Any CPU
		{4C6D0722-0B3A-4BFD-85A2-D1A44EB10AAB}.Release|ARM.Build.0 = Release|Any CPU
		{4C6D0722-0B3A-4BFD-85A2-D1A44EB10AAB}.Release|ARM64.ActiveCfg = Release|Any CPU
		{4C6D0722-0B3A-4BFD-85A2-D1A44EB10AAB}.Release|ARM64.Build.0 = Release|Any CPU
		{4C6D0722-0B3A-4BFD-85A2-D1A44EB10AAB}.Release|x64.ActiveCfg = Release|Any CPU
		{4C6D0722-0B3A-4BFD-85A2-D1A44EB10AAB}.Release|x64.Build.0 = Release|Any CPU
		{4C6D0722-0B3A-4BFD-85A2-D1A44EB10AAB}.Release|x86.ActiveCfg = Release|Any CPU
		{4C6D0722-0B3A-4BFD-85A2-D1A44EB10AAB}.Release|x86.Build.0 = Release|Any CPU
		{7185D2E5-EECB-4EA0-BE19-E20E4B978418}.Debug|Any CPU.ActiveCfg = Debug|Any CPU
		{7185D2E5-EECB-4EA0-BE19-E20E4B978418}.Debug|Any CPU.Build.0 = Debug|Any CPU
		{7185D2E5-EECB-4EA0-BE19-E20E4B978418}.Debug|ARM.ActiveCfg = Debug|Any CPU
		{7185D2E5-EECB-4EA0-BE19-E20E4B978418}.Debug|ARM.Build.0 = Debug|Any CPU
		{7185D2E5-EECB-4EA0-BE19-E20E4B978418}.Debug|ARM64.ActiveCfg = Debug|Any CPU
		{7185D2E5-EECB-4EA0-BE19-E20E4B978418}.Debug|ARM64.Build.0 = Debug|Any CPU
		{7185D2E5-EECB-4EA0-BE19-E20E4B978418}.Debug|x64.ActiveCfg = Debug|Any CPU
		{7185D2E5-EECB-4EA0-BE19-E20E4B978418}.Debug|x64.Build.0 = Debug|Any CPU
		{7185D2E5-EECB-4EA0-BE19-E20E4B978418}.Debug|x86.ActiveCfg = Debug|Any CPU
		{7185D2E5-EECB-4EA0-BE19-E20E4B978418}.Debug|x86.Build.0 = Debug|Any CPU
		{7185D2E5-EECB-4EA0-BE19-E20E4B978418}.Release|Any CPU.ActiveCfg = Release|Any CPU
		{7185D2E5-EECB-4EA0-BE19-E20E4B978418}.Release|Any CPU.Build.0 = Release|Any CPU
		{7185D2E5-EECB-4EA0-BE19-E20E4B978418}.Release|ARM.ActiveCfg = Release|Any CPU
		{7185D2E5-EECB-4EA0-BE19-E20E4B978418}.Release|ARM.Build.0 = Release|Any CPU
		{7185D2E5-EECB-4EA0-BE19-E20E4B978418}.Release|ARM64.ActiveCfg = Release|Any CPU
		{7185D2E5-EECB-4EA0-BE19-E20E4B978418}.Release|ARM64.Build.0 = Release|Any CPU
		{7185D2E5-EECB-4EA0-BE19-E20E4B978418}.Release|x64.ActiveCfg = Release|Any CPU
		{7185D2E5-EECB-4EA0-BE19-E20E4B978418}.Release|x64.Build.0 = Release|Any CPU
		{7185D2E5-EECB-4EA0-BE19-E20E4B978418}.Release|x86.ActiveCfg = Release|Any CPU
		{7185D2E5-EECB-4EA0-BE19-E20E4B978418}.Release|x86.Build.0 = Release|Any CPU
		{2D6FD662-9850-4DB5-B733-CA27B6E032E1}.Debug|Any CPU.ActiveCfg = Debug|Any CPU
		{2D6FD662-9850-4DB5-B733-CA27B6E032E1}.Debug|Any CPU.Build.0 = Debug|Any CPU
		{2D6FD662-9850-4DB5-B733-CA27B6E032E1}.Debug|ARM.ActiveCfg = Debug|Any CPU
		{2D6FD662-9850-4DB5-B733-CA27B6E032E1}.Debug|ARM.Build.0 = Debug|Any CPU
		{2D6FD662-9850-4DB5-B733-CA27B6E032E1}.Debug|ARM64.ActiveCfg = Debug|Any CPU
		{2D6FD662-9850-4DB5-B733-CA27B6E032E1}.Debug|ARM64.Build.0 = Debug|Any CPU
		{2D6FD662-9850-4DB5-B733-CA27B6E032E1}.Debug|x64.ActiveCfg = Debug|Any CPU
		{2D6FD662-9850-4DB5-B733-CA27B6E032E1}.Debug|x64.Build.0 = Debug|Any CPU
		{2D6FD662-9850-4DB5-B733-CA27B6E032E1}.Debug|x86.ActiveCfg = Debug|Any CPU
		{2D6FD662-9850-4DB5-B733-CA27B6E032E1}.Debug|x86.Build.0 = Debug|Any CPU
		{2D6FD662-9850-4DB5-B733-CA27B6E032E1}.Release|Any CPU.ActiveCfg = Release|Any CPU
		{2D6FD662-9850-4DB5-B733-CA27B6E032E1}.Release|Any CPU.Build.0 = Release|Any CPU
		{2D6FD662-9850-4DB5-B733-CA27B6E032E1}.Release|ARM.ActiveCfg = Release|Any CPU
		{2D6FD662-9850-4DB5-B733-CA27B6E032E1}.Release|ARM.Build.0 = Release|Any CPU
		{2D6FD662-9850-4DB5-B733-CA27B6E032E1}.Release|ARM64.ActiveCfg = Release|Any CPU
		{2D6FD662-9850-4DB5-B733-CA27B6E032E1}.Release|ARM64.Build.0 = Release|Any CPU
		{2D6FD662-9850-4DB5-B733-CA27B6E032E1}.Release|x64.ActiveCfg = Release|Any CPU
		{2D6FD662-9850-4DB5-B733-CA27B6E032E1}.Release|x64.Build.0 = Release|Any CPU
		{2D6FD662-9850-4DB5-B733-CA27B6E032E1}.Release|x86.ActiveCfg = Release|Any CPU
		{2D6FD662-9850-4DB5-B733-CA27B6E032E1}.Release|x86.Build.0 = Release|Any CPU
	EndGlobalSection
	GlobalSection(SolutionProperties) = preSolution
		HideSolutionNode = FALSE
	EndGlobalSection
	GlobalSection(NestedProjects) = preSolution
		{D13C954D-41D8-42F0-8A59-9CA5F55C4CEC} = {AE469DF5-2744-484E-BCD5-2055D35B4A44}
		{7644B600-118A-4F5F-BB7D-F18E679C1AEB} = {AE469DF5-2744-484E-BCD5-2055D35B4A44}
		{7185D2E5-EECB-4EA0-BE19-E20E4B978418} = {AE469DF5-2744-484E-BCD5-2055D35B4A44}
	EndGlobalSection
	GlobalSection(ExtensibilityGlobals) = postSolution
		SolutionGuid = {5D4391DF-CB8B-47A5-8525-B82766137BB9}
	EndGlobalSection
EndGlobal
